
Microsoft Visual Studio Solution File, Format Version 12.00
# Visual Studio 15
VisualStudioVersion = 15.0.28010.2003
MinimumVisualStudioVersion = 10.0.40219.1
Project("{8BC9CEB8-8B4A-11D0-8D11-00A0C91BC942}") = "RayTracer", "RayTracer\RayTracer.vcxproj", "{CD720176-688C-4E2D-9CBF-458AB2ED0713}"
EndProject
Project("{8BC9CEB8-8B4A-11D0-8D11-00A0C91BC942}") = "RayTracerTests", "RayTracerTests\RayTracerTests.vcxproj", "{A9CA49A4-FECE-4815-8050-86C53EB83F18}"
EndProject
Global
	GlobalSection(SolutionConfigurationPlatforms) = preSolution
		Debug|x64 = Debug|x64
		Debug|x86 = Debug|x86
		Release|x64 = Release|x64
		Release|x86 = Release|x86
	EndGlobalSection
	GlobalSection(ProjectConfigurationPlatforms) = postSolution
		{CD720176-688C-4E2D-9CBF-458AB2ED0713}.Debug|x64.ActiveCfg = Debug|x64
		{CD720176-688C-4E2D-9CBF-458AB2ED0713}.Debug|x64.Build.0 = Debug|x64
		{CD720176-688C-4E2D-9CBF-458AB2ED0713}.Debug|x86.ActiveCfg = Debug|Win32
		{CD720176-688C-4E2D-9CBF-458AB2ED0713}.Debug|x86.Build.0 = Debug|Win32
		{CD720176-688C-4E2D-9CBF-458AB2ED0713}.Release|x64.ActiveCfg = Release|x64
		{CD720176-688C-4E2D-9CBF-458AB2ED0713}.Release|x64.Build.0 = Release|x64
		{CD720176-688C-4E2D-9CBF-458AB2ED0713}.Release|x86.ActiveCfg = Release|Win32
		{CD720176-688C-4E2D-9CBF-458AB2ED0713}.Release|x86.Build.0 = Release|Win32
		{A9CA49A4-FECE-4815-8050-86C53EB83F18}.Debug|x64.ActiveCfg = Debug|x64
		{A9CA49A4-FECE-4815-8050-86C53EB83F18}.Debug|x64.Build.0 = Debug|x64
		{A9CA49A4-FECE-4815-8050-86C53EB83F18}.Debug|x86.ActiveCfg = Debug|Win32
		{A9CA49A4-FECE-4815-8050-86C53EB83F18}.Debug|x86.Build.0 = Debug|Win32
		{A9CA49A4-FECE-4815-8050-86C53EB83F18}.Release|x64.ActiveCfg = Release|x64
		{A9CA49A4-FECE-4815-8050-86C53EB83F18}.Release|x64.Build.0 = Release|x64
		{A9CA49A4-FECE-4815-8050-86C53EB83F18}.Release|x86.ActiveCfg = Release|Win32
		{A9CA49A4-FECE-4815-8050-86C53EB83F18}.Release|x86.Build.0 = Release|Win32
	EndGlobalSection
	GlobalSection(SolutionProperties) = preSolution
		HideSolutionNode = FALSE
	EndGlobalSection
	GlobalSection(ExtensibilityGlobals) = postSolution
		SolutionGuid = {E59AE01A-487F-484C-9562-B440FCE36ACC}
	EndGlobalSection
EndGlobal
